
Microsoft Visual Studio Solution File, Format Version 12.00
# Visual Studio Version 16
VisualStudioVersion = 16.0.31112.23
MinimumVisualStudioVersion = 10.0.40219.1
Project("{FAE04EC0-301F-11D3-BF4B-00C04F79EFBC}") = "Pdbc.Music.Domain", "Pdbc.Music.Domain\Pdbc.Music.Domain.csproj", "{21655A5C-93F8-4FD6-B017-FAA6CDC4A5B8}"
EndProject
Project("{2150E333-8FDC-42A3-9474-1A3956D46DE8}") = "T4", "T4", "{2CA72A91-BE99-432D-B63F-0EADAFA01FBF}"
	ProjectSection(SolutionItems) = preProject
		T4\BuilderGenerationTemplates.tt = T4\BuilderGenerationTemplates.tt
		T4\GetClassesHelperMethods.tt = T4\GetClassesHelperMethods.tt
		T4\MapperTemplates.tt = T4\MapperTemplates.tt
		T4\UnitTestTemplates.tt = T4\UnitTestTemplates.tt
		T4\Utilities.tt = T4\Utilities.tt
	EndProjectSection
EndProject
Project("{FAE04EC0-301F-11D3-BF4B-00C04F79EFBC}") = "Pdbc.Music.Common", "Pdbc.Music.Common\Pdbc.Music.Common.csproj", "{FE344BA1-8492-4DD9-AE1A-22295115DFAF}"
EndProject
Project("{2150E333-8FDC-42A3-9474-1A3956D46DE8}") = "Tests", "Tests", "{F9162F35-4D8D-4DCB-8406-65A530775DCE}"
EndProject
Project("{FAE04EC0-301F-11D3-BF4B-00C04F79EFBC}") = "Pdbc.Music.UnitTests", "Tests\Pdbc.Music.UnitTests\Pdbc.Music.UnitTests.csproj", "{E9443C4D-2953-466D-B9A2-0CDB87D072FB}"
EndProject
Project("{FAE04EC0-301F-11D3-BF4B-00C04F79EFBC}") = "Pdbc.Music.UnitTest.Helpers", "Tests\Pdbc.Music.UnitTest.Helpers\Pdbc.Music.UnitTest.Helpers.csproj", "{D2131774-83E6-4BB6-9B1E-A52D3C10E33A}"
EndProject
Global
	GlobalSection(SolutionConfigurationPlatforms) = preSolution
		Debug|Any CPU = Debug|Any CPU
		Release|Any CPU = Release|Any CPU
	EndGlobalSection
	GlobalSection(ProjectConfigurationPlatforms) = postSolution
		{21655A5C-93F8-4FD6-B017-FAA6CDC4A5B8}.Debug|Any CPU.ActiveCfg = Debug|Any CPU
		{21655A5C-93F8-4FD6-B017-FAA6CDC4A5B8}.Debug|Any CPU.Build.0 = Debug|Any CPU
		{21655A5C-93F8-4FD6-B017-FAA6CDC4A5B8}.Release|Any CPU.ActiveCfg = Release|Any CPU
		{21655A5C-93F8-4FD6-B017-FAA6CDC4A5B8}.Release|Any CPU.Build.0 = Release|Any CPU
		{FE344BA1-8492-4DD9-AE1A-22295115DFAF}.Debug|Any CPU.ActiveCfg = Debug|Any CPU
		{FE344BA1-8492-4DD9-AE1A-22295115DFAF}.Debug|Any CPU.Build.0 = Debug|Any CPU
		{FE344BA1-8492-4DD9-AE1A-22295115DFAF}.Release|Any CPU.ActiveCfg = Release|Any CPU
		{FE344BA1-8492-4DD9-AE1A-22295115DFAF}.Release|Any CPU.Build.0 = Release|Any CPU
		{E9443C4D-2953-466D-B9A2-0CDB87D072FB}.Debug|Any CPU.ActiveCfg = Debug|Any CPU
		{E9443C4D-2953-466D-B9A2-0CDB87D072FB}.Debug|Any CPU.Build.0 = Debug|Any CPU
		{E9443C4D-2953-466D-B9A2-0CDB87D072FB}.Release|Any CPU.ActiveCfg = Release|Any CPU
		{E9443C4D-2953-466D-B9A2-0CDB87D072FB}.Release|Any CPU.Build.0 = Release|Any CPU
		{D2131774-83E6-4BB6-9B1E-A52D3C10E33A}.Debug|Any CPU.ActiveCfg = Debug|Any CPU
		{D2131774-83E6-4BB6-9B1E-A52D3C10E33A}.Debug|Any CPU.Build.0 = Debug|Any CPU
		{D2131774-83E6-4BB6-9B1E-A52D3C10E33A}.Release|Any CPU.ActiveCfg = Release|Any CPU
		{D2131774-83E6-4BB6-9B1E-A52D3C10E33A}.Release|Any CPU.Build.0 = Release|Any CPU
	EndGlobalSection
	GlobalSection(SolutionProperties) = preSolution
		HideSolutionNode = FALSE
	EndGlobalSection
	GlobalSection(NestedProjects) = preSolution
		{E9443C4D-2953-466D-B9A2-0CDB87D072FB} = {F9162F35-4D8D-4DCB-8406-65A530775DCE}
		{D2131774-83E6-4BB6-9B1E-A52D3C10E33A} = {F9162F35-4D8D-4DCB-8406-65A530775DCE}
	EndGlobalSection
	GlobalSection(ExtensibilityGlobals) = postSolution
		SolutionGuid = {5FE6B856-AFCA-4CEF-8096-057AC79538A1}
	EndGlobalSection
EndGlobal
