
Microsoft Visual Studio Solution File, Format Version 12.00
# Visual Studio Version 16
VisualStudioVersion = 16.0.31112.23
MinimumVisualStudioVersion = 10.0.40219.1
Project("{9A19103F-16F7-4668-BE54-9A1E7A4F7556}") = "Pdbc.Music.Domain", "Pdbc.Music.Domain\Pdbc.Music.Domain.csproj", "{21655A5C-93F8-4FD6-B017-FAA6CDC4A5B8}"
EndProject
Project("{2150E333-8FDC-42A3-9474-1A3956D46DE8}") = "T4", "T4", "{2CA72A91-BE99-432D-B63F-0EADAFA01FBF}"
	ProjectSection(SolutionItems) = preProject
		T4\BuilderGenerationTemplates.tt = T4\BuilderGenerationTemplates.tt
		T4\GetClassesHelperMethods.tt = T4\GetClassesHelperMethods.tt
		T4\MapperTemplates.tt = T4\MapperTemplates.tt
		T4\UnitTestTemplates.tt = T4\UnitTestTemplates.tt
		T4\Utilities.tt = T4\Utilities.tt
	EndProjectSection
EndProject
Project("{9A19103F-16F7-4668-BE54-9A1E7A4F7556}") = "Pdbc.Music.Common", "Pdbc.Music.Common\Pdbc.Music.Common.csproj", "{FE344BA1-8492-4DD9-AE1A-22295115DFAF}"
EndProject
Project("{2150E333-8FDC-42A3-9474-1A3956D46DE8}") = "Tests", "Tests", "{F9162F35-4D8D-4DCB-8406-65A530775DCE}"
EndProject
Project("{9A19103F-16F7-4668-BE54-9A1E7A4F7556}") = "Pdbc.Music.UnitTests", "Tests\Pdbc.Music.UnitTests\Pdbc.Music.UnitTests.csproj", "{E9443C4D-2953-466D-B9A2-0CDB87D072FB}"
EndProject
Project("{9A19103F-16F7-4668-BE54-9A1E7A4F7556}") = "Pdbc.Music.UnitTest.Helpers", "Tests\Pdbc.Music.UnitTest.Helpers\Pdbc.Music.UnitTest.Helpers.csproj", "{D2131774-83E6-4BB6-9B1E-A52D3C10E33A}"
EndProject
Project("{9A19103F-16F7-4668-BE54-9A1E7A4F7556}") = "Pdbc.Music.Data", "Pdbc.Music.Data\Pdbc.Music.Data.csproj", "{90792FFD-ADA4-48F3-B9D6-41BCA8FA6220}"
EndProject
Project("{2150E333-8FDC-42A3-9474-1A3956D46DE8}") = "Apps", "Apps", "{30695348-4C43-4CD5-91AF-50AD23E79636}"
EndProject
Project("{9A19103F-16F7-4668-BE54-9A1E7A4F7556}") = "Pdbc.Music.Data.Migrator", "Pdbc.Music.Data.Migrator\Pdbc.Music.Data.Migrator.csproj", "{14B8652C-97F0-483E-B1E3-15C0B3F7477E}"
EndProject
Project("{2150E333-8FDC-42A3-9474-1A3956D46DE8}") = "Api", "Api", "{9250222F-36D0-4612-BC2C-B60A7C6F976D}"
EndProject
Project("{9A19103F-16F7-4668-BE54-9A1E7A4F7556}") = "Pdbc.Music.Api.Backend", "Pdbc.Music.Api.Backend\Pdbc.Music.Api.Backend.csproj", "{DC57E253-E2CC-4832-B19E-4F7F8CCF8501}"
EndProject
Project("{9A19103F-16F7-4668-BE54-9A1E7A4F7556}") = "Pdbc.Music.Api.Common", "Pdbc.Music.Api.Common\Pdbc.Music.Api.Common.csproj", "{642F4712-16BC-4AE4-972D-E437FD164B4F}"
EndProject
Project("{9A19103F-16F7-4668-BE54-9A1E7A4F7556}") = "Pdbc.Music.Api.Contracts", "Pdbc.Music.Api.Contracts\Pdbc.Music.Api.Contracts.csproj", "{C25B2382-18C1-4D69-98DF-DDD911DE9869}"
EndProject
Project("{9A19103F-16F7-4668-BE54-9A1E7A4F7556}") = "Pdbc.Music.Core", "Pdbc.Music.Core\Pdbc.Music.Core.csproj", "{AFBD2735-1CBC-4DC3-B76F-E7D9CC3BBF2A}"
EndProject
Project("{9A19103F-16F7-4668-BE54-9A1E7A4F7556}") = "Pdbc.Music.Core.IntegrationTests", "Tests\Pdbc.Music.Core.IntegrationTests\Pdbc.Music.Core.IntegrationTests.csproj", "{7ACFA49D-45EB-4123-A1D5-76E940B8FE5E}"
EndProject
Project("{9A19103F-16F7-4668-BE54-9A1E7A4F7556}") = "Pdbc.Music.Data.Setup", "Pdbc.Music.Data.Setup\Pdbc.Music.Data.Setup.csproj", "{3FEC2B92-B9C0-4F73-9FB1-06FC2791AB6D}"
EndProject
Project("{9A19103F-16F7-4668-BE54-9A1E7A4F7556}") = "Pdbc.Music.Tests.Seed", "Tests\Pdbc.Music.Tests.Seed\Pdbc.Music.Tests.Seed.csproj", "{7B5362A2-34CF-4EDF-B54B-B434E1AD6354}"
EndProject
Project("{9A19103F-16F7-4668-BE54-9A1E7A4F7556}") = "Pdbc.Music.I18N", "Pdbc.Music.I18N\Pdbc.Music.I18N.csproj", "{C8A98CB3-D82E-4CCA-9B39-5905E1D3C60A}"
EndProject
Project("{9A19103F-16F7-4668-BE54-9A1E7A4F7556}") = "Pdbc.Music.Core.Services", "Pdbc.Music.Core.Services\Pdbc.Music.Core.Services.csproj", "{D709D90D-4FAC-4C37-AB58-9FF6515C9D54}"
EndProject
Project("{2150E333-8FDC-42A3-9474-1A3956D46DE8}") = "UnitTests", "UnitTests", "{5ADCA668-EEC4-4E51-B68C-1A7FAD2EFF57}"
EndProject
Project("{2150E333-8FDC-42A3-9474-1A3956D46DE8}") = "Integration", "Integration", "{F7FDA7F0-9DE0-413B-94A8-F69B575B64A3}"
EndProject
Project("{2150E333-8FDC-42A3-9474-1A3956D46DE8}") = "IntegrationTests", "IntegrationTests", "{1B046A71-5A26-4511-BD36-B21CCB0876C1}"
EndProject
Project("{2150E333-8FDC-42A3-9474-1A3956D46DE8}") = "Api", "Api", "{7B164A95-9649-4D93-A840-29430BD29B2D}"
EndProject
Project("{9A19103F-16F7-4668-BE54-9A1E7A4F7556}") = "Pdbc.Music.Integration.Tests", "Tests\Pdbc.Music.Integration.Tests\Pdbc.Music.Integration.Tests.csproj", "{DE69E9E3-4A77-4BD3-9F2E-75D5EBBDC715}"
EndProject
Project("{FAE04EC0-301F-11D3-BF4B-00C04F79EFBC}") = "Pdbc.Music.Api.IntegrationTests", "Tests\Pdbc.Music.Api.IntegrationTests\Pdbc.Music.Api.IntegrationTests.csproj", "{04EAD344-CAF7-4A0C-9DE9-F3258F2D4402}"
EndProject
Project("{FAE04EC0-301F-11D3-BF4B-00C04F79EFBC}") = "Pdbc.Music.Api.ServiceAgent", "Pdbc.Music.Api.ServiceAgent\Pdbc.Music.Api.ServiceAgent.csproj", "{64138172-E0A8-4098-ACA0-1CFC4F3B5DBB}"
EndProject
Global
	GlobalSection(SolutionConfigurationPlatforms) = preSolution
		Debug|Any CPU = Debug|Any CPU
		Release|Any CPU = Release|Any CPU
	EndGlobalSection
	GlobalSection(ProjectConfigurationPlatforms) = postSolution
		{21655A5C-93F8-4FD6-B017-FAA6CDC4A5B8}.Debug|Any CPU.ActiveCfg = Debug|Any CPU
		{21655A5C-93F8-4FD6-B017-FAA6CDC4A5B8}.Debug|Any CPU.Build.0 = Debug|Any CPU
		{21655A5C-93F8-4FD6-B017-FAA6CDC4A5B8}.Release|Any CPU.ActiveCfg = Release|Any CPU
		{21655A5C-93F8-4FD6-B017-FAA6CDC4A5B8}.Release|Any CPU.Build.0 = Release|Any CPU
		{FE344BA1-8492-4DD9-AE1A-22295115DFAF}.Debug|Any CPU.ActiveCfg = Debug|Any CPU
		{FE344BA1-8492-4DD9-AE1A-22295115DFAF}.Debug|Any CPU.Build.0 = Debug|Any CPU
		{FE344BA1-8492-4DD9-AE1A-22295115DFAF}.Release|Any CPU.ActiveCfg = Release|Any CPU
		{FE344BA1-8492-4DD9-AE1A-22295115DFAF}.Release|Any CPU.Build.0 = Release|Any CPU
		{E9443C4D-2953-466D-B9A2-0CDB87D072FB}.Debug|Any CPU.ActiveCfg = Debug|Any CPU
		{E9443C4D-2953-466D-B9A2-0CDB87D072FB}.Debug|Any CPU.Build.0 = Debug|Any CPU
		{E9443C4D-2953-466D-B9A2-0CDB87D072FB}.Release|Any CPU.ActiveCfg = Release|Any CPU
		{E9443C4D-2953-466D-B9A2-0CDB87D072FB}.Release|Any CPU.Build.0 = Release|Any CPU
		{D2131774-83E6-4BB6-9B1E-A52D3C10E33A}.Debug|Any CPU.ActiveCfg = Debug|Any CPU
		{D2131774-83E6-4BB6-9B1E-A52D3C10E33A}.Debug|Any CPU.Build.0 = Debug|Any CPU
		{D2131774-83E6-4BB6-9B1E-A52D3C10E33A}.Release|Any CPU.ActiveCfg = Release|Any CPU
		{D2131774-83E6-4BB6-9B1E-A52D3C10E33A}.Release|Any CPU.Build.0 = Release|Any CPU
		{90792FFD-ADA4-48F3-B9D6-41BCA8FA6220}.Debug|Any CPU.ActiveCfg = Debug|Any CPU
		{90792FFD-ADA4-48F3-B9D6-41BCA8FA6220}.Debug|Any CPU.Build.0 = Debug|Any CPU
		{90792FFD-ADA4-48F3-B9D6-41BCA8FA6220}.Release|Any CPU.ActiveCfg = Release|Any CPU
		{90792FFD-ADA4-48F3-B9D6-41BCA8FA6220}.Release|Any CPU.Build.0 = Release|Any CPU
		{14B8652C-97F0-483E-B1E3-15C0B3F7477E}.Debug|Any CPU.ActiveCfg = Debug|Any CPU
		{14B8652C-97F0-483E-B1E3-15C0B3F7477E}.Debug|Any CPU.Build.0 = Debug|Any CPU
		{14B8652C-97F0-483E-B1E3-15C0B3F7477E}.Release|Any CPU.ActiveCfg = Release|Any CPU
		{14B8652C-97F0-483E-B1E3-15C0B3F7477E}.Release|Any CPU.Build.0 = Release|Any CPU
		{DC57E253-E2CC-4832-B19E-4F7F8CCF8501}.Debug|Any CPU.ActiveCfg = Debug|Any CPU
		{DC57E253-E2CC-4832-B19E-4F7F8CCF8501}.Debug|Any CPU.Build.0 = Debug|Any CPU
		{DC57E253-E2CC-4832-B19E-4F7F8CCF8501}.Release|Any CPU.ActiveCfg = Release|Any CPU
		{DC57E253-E2CC-4832-B19E-4F7F8CCF8501}.Release|Any CPU.Build.0 = Release|Any CPU
		{642F4712-16BC-4AE4-972D-E437FD164B4F}.Debug|Any CPU.ActiveCfg = Debug|Any CPU
		{642F4712-16BC-4AE4-972D-E437FD164B4F}.Debug|Any CPU.Build.0 = Debug|Any CPU
		{642F4712-16BC-4AE4-972D-E437FD164B4F}.Release|Any CPU.ActiveCfg = Release|Any CPU
		{642F4712-16BC-4AE4-972D-E437FD164B4F}.Release|Any CPU.Build.0 = Release|Any CPU
		{C25B2382-18C1-4D69-98DF-DDD911DE9869}.Debug|Any CPU.ActiveCfg = Debug|Any CPU
		{C25B2382-18C1-4D69-98DF-DDD911DE9869}.Debug|Any CPU.Build.0 = Debug|Any CPU
		{C25B2382-18C1-4D69-98DF-DDD911DE9869}.Release|Any CPU.ActiveCfg = Release|Any CPU
		{C25B2382-18C1-4D69-98DF-DDD911DE9869}.Release|Any CPU.Build.0 = Release|Any CPU
		{AFBD2735-1CBC-4DC3-B76F-E7D9CC3BBF2A}.Debug|Any CPU.ActiveCfg = Debug|Any CPU
		{AFBD2735-1CBC-4DC3-B76F-E7D9CC3BBF2A}.Debug|Any CPU.Build.0 = Debug|Any CPU
		{AFBD2735-1CBC-4DC3-B76F-E7D9CC3BBF2A}.Release|Any CPU.ActiveCfg = Release|Any CPU
		{AFBD2735-1CBC-4DC3-B76F-E7D9CC3BBF2A}.Release|Any CPU.Build.0 = Release|Any CPU
		{7ACFA49D-45EB-4123-A1D5-76E940B8FE5E}.Debug|Any CPU.ActiveCfg = Debug|Any CPU
		{7ACFA49D-45EB-4123-A1D5-76E940B8FE5E}.Debug|Any CPU.Build.0 = Debug|Any CPU
		{7ACFA49D-45EB-4123-A1D5-76E940B8FE5E}.Release|Any CPU.ActiveCfg = Release|Any CPU
		{7ACFA49D-45EB-4123-A1D5-76E940B8FE5E}.Release|Any CPU.Build.0 = Release|Any CPU
		{3FEC2B92-B9C0-4F73-9FB1-06FC2791AB6D}.Debug|Any CPU.ActiveCfg = Debug|Any CPU
		{3FEC2B92-B9C0-4F73-9FB1-06FC2791AB6D}.Debug|Any CPU.Build.0 = Debug|Any CPU
		{3FEC2B92-B9C0-4F73-9FB1-06FC2791AB6D}.Release|Any CPU.ActiveCfg = Release|Any CPU
		{3FEC2B92-B9C0-4F73-9FB1-06FC2791AB6D}.Release|Any CPU.Build.0 = Release|Any CPU
		{7B5362A2-34CF-4EDF-B54B-B434E1AD6354}.Debug|Any CPU.ActiveCfg = Debug|Any CPU
		{7B5362A2-34CF-4EDF-B54B-B434E1AD6354}.Debug|Any CPU.Build.0 = Debug|Any CPU
		{7B5362A2-34CF-4EDF-B54B-B434E1AD6354}.Release|Any CPU.ActiveCfg = Release|Any CPU
		{7B5362A2-34CF-4EDF-B54B-B434E1AD6354}.Release|Any CPU.Build.0 = Release|Any CPU
		{C8A98CB3-D82E-4CCA-9B39-5905E1D3C60A}.Debug|Any CPU.ActiveCfg = Debug|Any CPU
		{C8A98CB3-D82E-4CCA-9B39-5905E1D3C60A}.Debug|Any CPU.Build.0 = Debug|Any CPU
		{C8A98CB3-D82E-4CCA-9B39-5905E1D3C60A}.Release|Any CPU.ActiveCfg = Release|Any CPU
		{C8A98CB3-D82E-4CCA-9B39-5905E1D3C60A}.Release|Any CPU.Build.0 = Release|Any CPU
		{D709D90D-4FAC-4C37-AB58-9FF6515C9D54}.Debug|Any CPU.ActiveCfg = Debug|Any CPU
		{D709D90D-4FAC-4C37-AB58-9FF6515C9D54}.Debug|Any CPU.Build.0 = Debug|Any CPU
		{D709D90D-4FAC-4C37-AB58-9FF6515C9D54}.Release|Any CPU.ActiveCfg = Release|Any CPU
		{D709D90D-4FAC-4C37-AB58-9FF6515C9D54}.Release|Any CPU.Build.0 = Release|Any CPU
		{DE69E9E3-4A77-4BD3-9F2E-75D5EBBDC715}.Debug|Any CPU.ActiveCfg = Debug|Any CPU
		{DE69E9E3-4A77-4BD3-9F2E-75D5EBBDC715}.Debug|Any CPU.Build.0 = Debug|Any CPU
		{DE69E9E3-4A77-4BD3-9F2E-75D5EBBDC715}.Release|Any CPU.ActiveCfg = Release|Any CPU
		{DE69E9E3-4A77-4BD3-9F2E-75D5EBBDC715}.Release|Any CPU.Build.0 = Release|Any CPU
		{04EAD344-CAF7-4A0C-9DE9-F3258F2D4402}.Debug|Any CPU.ActiveCfg = Debug|Any CPU
		{04EAD344-CAF7-4A0C-9DE9-F3258F2D4402}.Debug|Any CPU.Build.0 = Debug|Any CPU
		{04EAD344-CAF7-4A0C-9DE9-F3258F2D4402}.Release|Any CPU.ActiveCfg = Release|Any CPU
		{04EAD344-CAF7-4A0C-9DE9-F3258F2D4402}.Release|Any CPU.Build.0 = Release|Any CPU
		{64138172-E0A8-4098-ACA0-1CFC4F3B5DBB}.Debug|Any CPU.ActiveCfg = Debug|Any CPU
		{64138172-E0A8-4098-ACA0-1CFC4F3B5DBB}.Debug|Any CPU.Build.0 = Debug|Any CPU
		{64138172-E0A8-4098-ACA0-1CFC4F3B5DBB}.Release|Any CPU.ActiveCfg = Release|Any CPU
		{64138172-E0A8-4098-ACA0-1CFC4F3B5DBB}.Release|Any CPU.Build.0 = Release|Any CPU
	EndGlobalSection
	GlobalSection(SolutionProperties) = preSolution
		HideSolutionNode = FALSE
	EndGlobalSection
	GlobalSection(NestedProjects) = preSolution
		{E9443C4D-2953-466D-B9A2-0CDB87D072FB} = {5ADCA668-EEC4-4E51-B68C-1A7FAD2EFF57}
		{D2131774-83E6-4BB6-9B1E-A52D3C10E33A} = {F9162F35-4D8D-4DCB-8406-65A530775DCE}
		{14B8652C-97F0-483E-B1E3-15C0B3F7477E} = {30695348-4C43-4CD5-91AF-50AD23E79636}
		{DC57E253-E2CC-4832-B19E-4F7F8CCF8501} = {9250222F-36D0-4612-BC2C-B60A7C6F976D}
		{642F4712-16BC-4AE4-972D-E437FD164B4F} = {9250222F-36D0-4612-BC2C-B60A7C6F976D}
		{7ACFA49D-45EB-4123-A1D5-76E940B8FE5E} = {1B046A71-5A26-4511-BD36-B21CCB0876C1}
		{3FEC2B92-B9C0-4F73-9FB1-06FC2791AB6D} = {30695348-4C43-4CD5-91AF-50AD23E79636}
		{7B5362A2-34CF-4EDF-B54B-B434E1AD6354} = {F9162F35-4D8D-4DCB-8406-65A530775DCE}
		{5ADCA668-EEC4-4E51-B68C-1A7FAD2EFF57} = {F9162F35-4D8D-4DCB-8406-65A530775DCE}
		{F7FDA7F0-9DE0-413B-94A8-F69B575B64A3} = {F9162F35-4D8D-4DCB-8406-65A530775DCE}
		{1B046A71-5A26-4511-BD36-B21CCB0876C1} = {F7FDA7F0-9DE0-413B-94A8-F69B575B64A3}
		{7B164A95-9649-4D93-A840-29430BD29B2D} = {F7FDA7F0-9DE0-413B-94A8-F69B575B64A3}
		{DE69E9E3-4A77-4BD3-9F2E-75D5EBBDC715} = {F7FDA7F0-9DE0-413B-94A8-F69B575B64A3}
		{04EAD344-CAF7-4A0C-9DE9-F3258F2D4402} = {7B164A95-9649-4D93-A840-29430BD29B2D}
		{64138172-E0A8-4098-ACA0-1CFC4F3B5DBB} = {9250222F-36D0-4612-BC2C-B60A7C6F976D}
	EndGlobalSection
	GlobalSection(ExtensibilityGlobals) = postSolution
		SolutionGuid = {5FE6B856-AFCA-4CEF-8096-057AC79538A1}
	EndGlobalSection
EndGlobal
